PODS:
  - ECNetworking (0.1.0)
  - Nimble (7.3.4)
  - Quick (1.2.0)

DEPENDENCIES:
  - ECNetworking (from `../`)
  - Nimble (~> 7.0)
  - Quick (~> 1.2.0)

SPEC REPOS:
  trunk:
    - Nimble
    - Quick

EXTERNAL SOURCES:
  ECNetworking:
    :path: "../"

SPEC CHECKSUMS:
  ECNetworking: ce295ee0bd1421a34eda9ac623bfac4929fb93d5
  Nimble: 051e3d8912d40138fa5591c78594f95fb172af37
  Quick: 58d203b1c5e27fff7229c4c1ae445ad7069a7a08

PODFILE CHECKSUM: 06c0c1c8373aa3209b1984b31aeae5be1de3a35b

COCOAPODS: 1.8.4
