// !$*UTF8*$!
{
	archiveVersion = 1;
	classes = {
	};
	objectVersion = 52;
	objects = {

/* Begin PBXBuildFile section */
		7C63B580256035A4009E3A78 /* GetRequest.swift in Sources */ = {isa = PBXBuildFile; fileRef = 7C63B57F256035A4009E3A78 /* GetRequest.swift */; };
		7C63B592256038E6009E3A78 /* AuthenticationRequest.swift in Sources */ = {isa = PBXBuildFile; fileRef = 7C63B591256038E6009E3A78 /* AuthenticationRequest.swift */; };
		7C63B59B25603911009E3A78 /* AuthenticationAction.swift in Sources */ = {isa = PBXBuildFile; fileRef = 7C63B59A25603911009E3A78 /* AuthenticationAction.swift */; };
		7C63B5A425603F50009E3A78 /* UserDefaults+Extensions.swift in Sources */ = {isa = PBXBuildFile; fileRef = 7C63B5A325603F50009E3A78 /* UserDefaults+Extensions.swift */; };
		7C63B5B52560429E009E3A78 /* SceneDelegate.swift in Sources */ = {isa = PBXBuildFile; fileRef = 7C63B5B42560429E009E3A78 /* SceneDelegate.swift */; };
		7C8A564025852E1300A0B039 /* Assets.xcassets in Resources */ = {isa = PBXBuildFile; fileRef = 7C8A563F25852E1300A0B039 /* Assets.xcassets */; };
		7CDF0F3C2537DB1100C3200D /* AppDelegate.swift in Sources */ = {isa = PBXBuildFile; fileRef = 7CDF0F3B2537DB1100C3200D /* AppDelegate.swift */; };
		7CDF0F402537DB1100C3200D /* ViewController.swift in Sources */ = {isa = PBXBuildFile; fileRef = 7CDF0F3F2537DB1100C3200D /* ViewController.swift */; };
		7CDF0F432537DB1100C3200D /* Main.storyboard in Resources */ = {isa = PBXBuildFile; fileRef = 7CDF0F412537DB1100C3200D /* Main.storyboard */; };
		7CDF0F482537DB1200C3200D /* LaunchScreen.storyboard in Resources */ = {isa = PBXBuildFile; fileRef = 7CDF0F462537DB1200C3200D /* LaunchScreen.storyboard */; };
		7CDF0F532537DB1300C3200D /* ECNetworkingExampleTests.swift in Sources */ = {isa = PBXBuildFile; fileRef = 7CDF0F522537DB1300C3200D /* ECNetworkingExampleTests.swift */; };
		7CDF0F5E2537DB1300C3200D /* ECNetworkingExampleUITests.swift in Sources */ = {isa = PBXBuildFile; fileRef = 7CDF0F5D2537DB1300C3200D /* ECNetworkingExampleUITests.swift */; };
		7CDF0F772537DC3300C3200D /* ECNetworking in Frameworks */ = {isa = PBXBuildFile; productRef = 7CDF0F762537DC3300C3200D /* ECNetworking */; };
/* End PBXBuildFile section */

/* Begin PBXContainerItemProxy section */
		7CDF0F4F2537DB1300C3200D /* PBXContainerItemProxy */ = {
			isa = PBXContainerItemProxy;
			containerPortal = 7CDF0F302537DB1100C3200D /* Project object */;
			proxyType = 1;
			remoteGlobalIDString = 7CDF0F372537DB1100C3200D;
			remoteInfo = ECNetworkingExample;
		};
		7CDF0F5A2537DB1300C3200D /* PBXContainerItemProxy */ = {
			isa = PBXContainerItemProxy;
			containerPortal = 7CDF0F302537DB1100C3200D /* Project object */;
			proxyType = 1;
			remoteGlobalIDString = 7CDF0F372537DB1100C3200D;
			remoteInfo = ECNetworkingExample;
		};
/* End PBXContainerItemProxy section */

/* Begin PBXFileReference section */
		7C63B57F256035A4009E3A78 /* GetRequest.swift */ = {isa = PBXFileReference; lastKnownFileType = sourcecode.swift; path = GetRequest.swift; sourceTree = "<group>"; };
		7C63B591256038E6009E3A78 /* AuthenticationRequest.swift */ = {isa = PBXFileReference; lastKnownFileType = sourcecode.swift; path = AuthenticationRequest.swift; sourceTree = "<group>"; };
		7C63B59A25603911009E3A78 /* AuthenticationAction.swift */ = {isa = PBXFileReference; lastKnownFileType = sourcecode.swift; path = AuthenticationAction.swift; sourceTree = "<group>"; };
		7C63B5A325603F50009E3A78 /* UserDefaults+Extensions.swift */ = {isa = PBXFileReference; lastKnownFileType = sourcecode.swift; path = "UserDefaults+Extensions.swift"; sourceTree = "<group>"; };
		7C63B5B42560429E009E3A78 /* SceneDelegate.swift */ = {isa = PBXFileReference; fileEncoding = 4; lastKnownFileType = sourcecode.swift; path = SceneDelegate.swift; sourceTree = "<group>"; };
		7C8A563F25852E1300A0B039 /* Assets.xcassets */ = {isa = PBXFileReference; lastKnownFileType = folder.assetcatalog; path = Assets.xcassets; sourceTree = "<group>"; };
		7CDF0F382537DB1100C3200D /* ECNetworkingExample.app */ = {isa = PBXFileReference; explicitFileType = wrapper.application; includeInIndex = 0; path = ECNetworkingExample.app; sourceTree = BUILT_PRODUCTS_DIR; };
		7CDF0F3B2537DB1100C3200D /* AppDelegate.swift */ = {isa = PBXFileReference; lastKnownFileType = sourcecode.swift; path = AppDelegate.swift; sourceTree = "<group>"; };
		7CDF0F3F2537DB1100C3200D /* ViewController.swift */ = {isa = PBXFileReference; lastKnownFileType = sourcecode.swift; path = ViewController.swift; sourceTree = "<group>"; };
		7CDF0F422537DB1100C3200D /* Base */ = {isa = PBXFileReference; lastKnownFileType = file.storyboard; name = Base; path = Base.lproj/Main.storyboard; sourceTree = "<group>"; };
		7CDF0F472537DB1200C3200D /* Base */ = {isa = PBXFileReference; lastKnownFileType = file.storyboard; name = Base; path = Base.lproj/LaunchScreen.storyboard; sourceTree = "<group>"; };
		7CDF0F492537DB1200C3200D /* Info.plist */ = {isa = PBXFileReference; lastKnownFileType = text.plist.xml; path = Info.plist; sourceTree = "<group>"; };
		7CDF0F4E2537DB1300C3200D /* ECNetworkingExampleTests.xctest */ = {isa = PBXFileReference; explicitFileType = wrapper.cfbundle; includeInIndex = 0; path = ECNetworkingExampleTests.xctest; sourceTree = BUILT_PRODUCTS_DIR; };
		7CDF0F522537DB1300C3200D /* ECNetworkingExampleTests.swift */ = {isa = PBXFileReference; lastKnownFileType = sourcecode.swift; path = ECNetworkingExampleTests.swift; sourceTree = "<group>"; };
		7CDF0F542537DB1300C3200D /* Info.plist */ = {isa = PBXFileReference; lastKnownFileType = text.plist.xml; path = Info.plist; sourceTree = "<group>"; };
		7CDF0F592537DB1300C3200D /* ECNetworkingExampleUITests.xctest */ = {isa = PBXFileReference; explicitFileType = wrapper.cfbundle; includeInIndex = 0; path = ECNetworkingExampleUITests.xctest; sourceTree = BUILT_PRODUCTS_DIR; };
		7CDF0F5D2537DB1300C3200D /* ECNetworkingExampleUITests.swift */ = {isa = PBXFileReference; lastKnownFileType = sourcecode.swift; path = ECNetworkingExampleUITests.swift; sourceTree = "<group>"; };
		7CDF0F5F2537DB1300C3200D /* Info.plist */ = {isa = PBXFileReference; lastKnownFileType = text.plist.xml; path = Info.plist; sourceTree = "<group>"; };
		7CDF0F712537DB3E00C3200D /* ECNetworking */ = {isa = PBXFileReference; lastKnownFileType = folder; name = ECNetworking; path = ..; sourceTree = "<group>"; };
/* End PBXFileReference section */

/* Begin PBXFrameworksBuildPhase section */
		7CDF0F352537DB1100C3200D /* Frameworks */ = {
			isa = PBXFrameworksBuildPhase;
			buildActionMask = 2147483647;
			files = (
				7CDF0F772537DC3300C3200D /* ECNetworking in Frameworks */,
			);
			runOnlyForDeploymentPostprocessing = 0;
		};
		7CDF0F4B2537DB1300C3200D /* Frameworks */ = {
			isa = PBXFrameworksBuildPhase;
			buildActionMask = 2147483647;
			files = (
			);
			runOnlyForDeploymentPostprocessing = 0;
		};
		7CDF0F562537DB1300C3200D /* Frameworks */ = {
			isa = PBXFrameworksBuildPhase;
			buildActionMask = 2147483647;
			files = (
			);
			runOnlyForDeploymentPostprocessing = 0;
		};
/* End PBXFrameworksBuildPhase section */

/* Begin PBXGroup section */
		7C63B590256038D9009E3A78 /* Requests */ = {
			isa = PBXGroup;
			children = (
				7C63B57F256035A4009E3A78 /* GetRequest.swift */,
				7C63B591256038E6009E3A78 /* AuthenticationRequest.swift */,
			);
			path = Requests;
			sourceTree = "<group>";
		};
		7C63B59925603905009E3A78 /* Actions */ = {
			isa = PBXGroup;
			children = (
				7C63B59A25603911009E3A78 /* AuthenticationAction.swift */,
			);
			path = Actions;
			sourceTree = "<group>";
		};
		7C63B5A225603F43009E3A78 /* Extensions */ = {
			isa = PBXGroup;
			children = (
				7C63B5A325603F50009E3A78 /* UserDefaults+Extensions.swift */,
			);
			path = Extensions;
			sourceTree = "<group>";
		};
		7CDF0F2F2537DB1100C3200D = {
			isa = PBXGroup;
			children = (
				7CDF0F712537DB3E00C3200D /* ECNetworking */,
				7CDF0F3A2537DB1100C3200D /* ECNetworkingExample */,
				7CDF0F512537DB1300C3200D /* ECNetworkingExampleTests */,
				7CDF0F5C2537DB1300C3200D /* ECNetworkingExampleUITests */,
				7CDF0F392537DB1100C3200D /* Products */,
				7CDF0F752537DC3300C3200D /* Frameworks */,
			);
			sourceTree = "<group>";
		};
		7CDF0F392537DB1100C3200D /* Products */ = {
			isa = PBXGroup;
			children = (
				7CDF0F382537DB1100C3200D /* ECNetworkingExample.app */,
				7CDF0F4E2537DB1300C3200D /* ECNetworkingExampleTests.xctest */,
				7CDF0F592537DB1300C3200D /* ECNetworkingExampleUITests.xctest */,
			);
			name = Products;
			sourceTree = "<group>";
		};
		7CDF0F3A2537DB1100C3200D /* ECNetworkingExample */ = {
			isa = PBXGroup;
			children = (
				7CDF0F3B2537DB1100C3200D /* AppDelegate.swift */,
				7C63B5B42560429E009E3A78 /* SceneDelegate.swift */,
				7CDF0F3F2537DB1100C3200D /* ViewController.swift */,
				7C63B59925603905009E3A78 /* Actions */,
				7C63B5A225603F43009E3A78 /* Extensions */,
				7C63B590256038D9009E3A78 /* Requests */,
				7CDF0F412537DB1100C3200D /* Main.storyboard */,
				7CDF0F462537DB1200C3200D /* LaunchScreen.storyboard */,
				7C8A563F25852E1300A0B039 /* Assets.xcassets */,
				7CDF0F492537DB1200C3200D /* Info.plist */,
			);
			path = ECNetworkingExample;
			sourceTree = "<group>";
		};
		7CDF0F512537DB1300C3200D /* ECNetworkingExampleTests */ = {
			isa = PBXGroup;
			children = (
				7CDF0F522537DB1300C3200D /* ECNetworkingExampleTests.swift */,
				7CDF0F542537DB1300C3200D /* Info.plist */,
			);
			path = ECNetworkingExampleTests;
			sourceTree = "<group>";
		};
		7CDF0F5C2537DB1300C3200D /* ECNetworkingExampleUITests */ = {
			isa = PBXGroup;
			children = (
				7CDF0F5D2537DB1300C3200D /* ECNetworkingExampleUITests.swift */,
				7CDF0F5F2537DB1300C3200D /* Info.plist */,
			);
			path = ECNetworkingExampleUITests;
			sourceTree = "<group>";
		};
		7CDF0F752537DC3300C3200D /* Frameworks */ = {
			isa = PBXGroup;
			children = (
			);
			name = Frameworks;
			sourceTree = "<group>";
		};
/* End PBXGroup section */

/* Begin PBXNativeTarget section */
		7CDF0F372537DB1100C3200D /* ECNetworkingExample */ = {
			isa = PBXNativeTarget;
			buildConfigurationList = 7CDF0F622537DB1300C3200D /* Build configuration list for PBXNativeTarget "ECNetworkingExample" */;
			buildPhases = (
				7CDF0F342537DB1100C3200D /* Sources */,
				7CDF0F352537DB1100C3200D /* Frameworks */,
				7CDF0F362537DB1100C3200D /* Resources */,
			);
			buildRules = (
			);
			dependencies = (
			);
			name = ECNetworkingExample;
			packageProductDependencies = (
				7CDF0F762537DC3300C3200D /* ECNetworking */,
			);
			productName = ECNetworkingExample;
			productReference = 7CDF0F382537DB1100C3200D /* ECNetworkingExample.app */;
			productType = "com.apple.product-type.application";
		};
		7CDF0F4D2537DB1300C3200D /* ECNetworkingExampleTests */ = {
			isa = PBXNativeTarget;
			buildConfigurationList = 7CDF0F652537DB1300C3200D /* Build configuration list for PBXNativeTarget "ECNetworkingExampleTests" */;
			buildPhases = (
				7CDF0F4A2537DB1300C3200D /* Sources */,
				7CDF0F4B2537DB1300C3200D /* Frameworks */,
				7CDF0F4C2537DB1300C3200D /* Resources */,
			);
			buildRules = (
			);
			dependencies = (
				7CDF0F502537DB1300C3200D /* PBXTargetDependency */,
			);
			name = ECNetworkingExampleTests;
			productName = ECNetworkingExampleTests;
			productReference = 7CDF0F4E2537DB1300C3200D /* ECNetworkingExampleTests.xctest */;
			productType = "com.apple.product-type.bundle.unit-test";
		};
		7CDF0F582537DB1300C3200D /* ECNetworkingExampleUITests */ = {
			isa = PBXNativeTarget;
			buildConfigurationList = 7CDF0F682537DB1300C3200D /* Build configuration list for PBXNativeTarget "ECNetworkingExampleUITests" */;
			buildPhases = (
				7CDF0F552537DB1300C3200D /* Sources */,
				7CDF0F562537DB1300C3200D /* Frameworks */,
				7CDF0F572537DB1300C3200D /* Resources */,
			);
			buildRules = (
			);
			dependencies = (
				7CDF0F5B2537DB1300C3200D /* PBXTargetDependency */,
			);
			name = ECNetworkingExampleUITests;
			productName = ECNetworkingExampleUITests;
			productReference = 7CDF0F592537DB1300C3200D /* ECNetworkingExampleUITests.xctest */;
			productType = "com.apple.product-type.bundle.ui-testing";
		};
/* End PBXNativeTarget section */

/* Begin PBXProject section */
		7CDF0F302537DB1100C3200D /* Project object */ = {
			isa = PBXProject;
			attributes = {
				LastSwiftUpdateCheck = 1200;
				LastUpgradeCheck = 1200;
				TargetAttributes = {
					7CDF0F372537DB1100C3200D = {
						CreatedOnToolsVersion = 12.0.1;
					};
					7CDF0F4D2537DB1300C3200D = {
						CreatedOnToolsVersion = 12.0.1;
						TestTargetID = 7CDF0F372537DB1100C3200D;
					};
					7CDF0F582537DB1300C3200D = {
						CreatedOnToolsVersion = 12.0.1;
						TestTargetID = 7CDF0F372537DB1100C3200D;
					};
				};
			};
			buildConfigurationList = 7CDF0F332537DB1100C3200D /* Build configuration list for PBXProject "ECNetworkingExample" */;
			compatibilityVersion = "Xcode 9.3";
			developmentRegion = en;
			hasScannedForEncodings = 0;
			knownRegions = (
				en,
				Base,
			);
			mainGroup = 7CDF0F2F2537DB1100C3200D;
			productRefGroup = 7CDF0F392537DB1100C3200D /* Products */;
			projectDirPath = "";
			projectRoot = "";
			targets = (
				7CDF0F372537DB1100C3200D /* ECNetworkingExample */,
				7CDF0F4D2537DB1300C3200D /* ECNetworkingExampleTests */,
				7CDF0F582537DB1300C3200D /* ECNetworkingExampleUITests */,
			);
		};
/* End PBXProject section */

/* Begin PBXResourcesBuildPhase section */
		7CDF0F362537DB1100C3200D /* Resources */ = {
			isa = PBXResourcesBuildPhase;
			buildActionMask = 2147483647;
			files = (
				7CDF0F482537DB1200C3200D /* LaunchScreen.storyboard in Resources */,
				7C8A564025852E1300A0B039 /* Assets.xcassets in Resources */,
				7CDF0F432537DB1100C3200D /* Main.storyboard in Resources */,
			);
			runOnlyForDeploymentPostprocessing = 0;
		};
		7CDF0F4C2537DB1300C3200D /* Resources */ = {
			isa = PBXResourcesBuildPhase;
			buildActionMask = 2147483647;
			files = (
			);
			runOnlyForDeploymentPostprocessing = 0;
		};
		7CDF0F572537DB1300C3200D /* Resources */ = {
			isa = PBXResourcesBuildPhase;
			buildActionMask = 2147483647;
			files = (
			);
			runOnlyForDeploymentPostprocessing = 0;
		};
/* End PBXResourcesBuildPhase section */

/* Begin PBXSourcesBuildPhase section */
		7CDF0F342537DB1100C3200D /* Sources */ = {
			isa = PBXSourcesBuildPhase;
			buildActionMask = 2147483647;
			files = (
				7C63B580256035A4009E3A78 /* GetRequest.swift in Sources */,
				7C63B5B52560429E009E3A78 /* SceneDelegate.swift in Sources */,
				7CDF0F402537DB1100C3200D /* ViewController.swift in Sources */,
				7CDF0F3C2537DB1100C3200D /* AppDelegate.swift in Sources */,
				7C63B5A425603F50009E3A78 /* UserDefaults+Extensions.swift in Sources */,
				7C63B592256038E6009E3A78 /* AuthenticationRequest.swift in Sources */,
				7C63B59B25603911009E3A78 /* AuthenticationAction.swift in Sources */,
			);
			runOnlyForDeploymentPostprocessing = 0;
		};
		7CDF0F4A2537DB1300C3200D /* Sources */ = {
			isa = PBXSourcesBuildPhase;
			buildActionMask = 2147483647;
			files = (
				7CDF0F532537DB1300C3200D /* ECNetworkingExampleTests.swift in Sources */,
			);
			runOnlyForDeploymentPostprocessing = 0;
		};
		7CDF0F552537DB1300C3200D /* Sources */ = {
			isa = PBXSourcesBuildPhase;
			buildActionMask = 2147483647;
			files = (
				7CDF0F5E2537DB1300C3200D /* ECNetworkingExampleUITests.swift in Sources */,
			);
			runOnlyForDeploymentPostprocessing = 0;
		};
/* End PBXSourcesBuildPhase section */

/* Begin PBXTargetDependency section */
		7CDF0F502537DB1300C3200D /* PBXTargetDependency */ = {
			isa = PBXTargetDependency;
			target = 7CDF0F372537DB1100C3200D /* ECNetworkingExample */;
			targetProxy = 7CDF0F4F2537DB1300C3200D /* PBXContainerItemProxy */;
		};
		7CDF0F5B2537DB1300C3200D /* PBXTargetDependency */ = {
			isa = PBXTargetDependency;
			target = 7CDF0F372537DB1100C3200D /* ECNetworkingExample */;
			targetProxy = 7CDF0F5A2537DB1300C3200D /* PBXContainerItemProxy */;
		};
/* End PBXTargetDependency section */

/* Begin PBXVariantGroup section */
		7CDF0F412537DB1100C3200D /* Main.storyboard */ = {
			isa = PBXVariantGroup;
			children = (
				7CDF0F422537DB1100C3200D /* Base */,
			);
			name = Main.storyboard;
			sourceTree = "<group>";
		};
		7CDF0F462537DB1200C3200D /* LaunchScreen.storyboard */ = {
			isa = PBXVariantGroup;
			children = (
				7CDF0F472537DB1200C3200D /* Base */,
			);
			name = LaunchScreen.storyboard;
			sourceTree = "<group>";
		};
/* End PBXVariantGroup section */

/* Begin XCBuildConfiguration section */
		7CDF0F602537DB1300C3200D /* Debug */ = {
			isa = XCBuildConfiguration;
			buildSettings = {
				ALWAYS_SEARCH_USER_PATHS = NO;
				CLANG_ANALYZER_NONNULL = YES;
				CLANG_ANALYZER_NUMBER_OBJECT_CONVERSION = YES_AGGRESSIVE;
				CLANG_CXX_LANGUAGE_STANDARD = "gnu++14";
				CLANG_CXX_LIBRARY = "libc++";
				CLANG_ENABLE_MODULES = YES;
				CLANG_ENABLE_OBJC_ARC = YES;
				CLANG_ENABLE_OBJC_WEAK = YES;
				CLANG_WARN_BLOCK_CAPTURE_AUTORELEASING = YES;
				CLANG_WARN_BOOL_CONVERSION = YES;
				CLANG_WARN_COMMA = YES;
				CLANG_WARN_CONSTANT_CONVERSION = YES;
				CLANG_WARN_DEPRECATED_OBJC_IMPLEMENTATIONS = YES;
				CLANG_WARN_DIRECT_OBJC_ISA_USAGE = YES_ERROR;
				CLANG_WARN_DOCUMENTATION_COMMENTS = YES;
				CLANG_WARN_EMPTY_BODY = YES;
				CLANG_WARN_ENUM_CONVERSION = YES;
				CLANG_WARN_INFINITE_RECURSION = YES;
				CLANG_WARN_INT_CONVERSION = YES;
				CLANG_WARN_NON_LITERAL_NULL_CONVERSION = YES;
				CLANG_WARN_OBJC_IMPLICIT_RETAIN_SELF = YES;
				CLANG_WARN_OBJC_LITERAL_CONVERSION = YES;
				CLANG_WARN_OBJC_ROOT_CLASS = YES_ERROR;
				CLANG_WARN_QUOTED_INCLUDE_IN_FRAMEWORK_HEADER = YES;
				CLANG_WARN_RANGE_LOOP_ANALYSIS = YES;
				CLANG_WARN_STRICT_PROTOTYPES = YES;
				CLANG_WARN_SUSPICIOUS_MOVE = YES;
				CLANG_WARN_UNGUARDED_AVAILABILITY = YES_AGGRESSIVE;
				CLANG_WARN_UNREACHABLE_CODE = YES;
				CLANG_WARN__DUPLICATE_METHOD_MATCH = YES;
				COPY_PHASE_STRIP = NO;
				DEBUG_INFORMATION_FORMAT = dwarf;
				ENABLE_STRICT_OBJC_MSGSEND = YES;
				ENABLE_TESTABILITY = YES;
				GCC_C_LANGUAGE_STANDARD = gnu11;
				GCC_DYNAMIC_NO_PIC = NO;
				GCC_NO_COMMON_BLOCKS = YES;
				GCC_OPTIMIZATION_LEVEL = 0;
				GCC_PREPROCESSOR_DEFINITIONS = (
					"DEBUG=1",
					"$(inherited)",
				);
				GCC_WARN_64_TO_32_BIT_CONVERSION = YES;
				GCC_WARN_ABOUT_RETURN_TYPE = YES_ERROR;
				GCC_WARN_UNDECLARED_SELECTOR = YES;
				GCC_WARN_UNINITIALIZED_AUTOS = YES_AGGRESSIVE;
				GCC_WARN_UNUSED_FUNCTION = YES;
				GCC_WARN_UNUSED_VARIABLE = YES;
				IPHONEOS_DEPLOYMENT_TARGET = 14.0;
				MTL_ENABLE_DEBUG_INFO = INCLUDE_SOURCE;
				MTL_FAST_MATH = YES;
				ONLY_ACTIVE_ARCH = YES;
				SDKROOT = iphoneos;
				SWIFT_ACTIVE_COMPILATION_CONDITIONS = DEBUG;
				SWIFT_OPTIMIZATION_LEVEL = "-Onone";
			};
			name = Debug;
		};
		7CDF0F612537DB1300C3200D /* Release */ = {
			isa = XCBuildConfiguration;
			buildSettings = {
				ALWAYS_SEARCH_USER_PATHS = NO;
				CLANG_ANALYZER_NONNULL = YES;
				CLANG_ANALYZER_NUMBER_OBJECT_CONVERSION = YES_AGGRESSIVE;
				CLANG_CXX_LANGUAGE_STANDARD = "gnu++14";
				CLANG_CXX_LIBRARY = "libc++";
				CLANG_ENABLE_MODULES = YES;
				CLANG_ENABLE_OBJC_ARC = YES;
				CLANG_ENABLE_OBJC_WEAK = YES;
				CLANG_WARN_BLOCK_CAPTURE_AUTORELEASING = YES;
				CLANG_WARN_BOOL_CONVERSION = YES;
				CLANG_WARN_COMMA = YES;
				CLANG_WARN_CONSTANT_CONVERSION = YES;
				CLANG_WARN_DEPRECATED_OBJC_IMPLEMENTATIONS = YES;
				CLANG_WARN_DIRECT_OBJC_ISA_USAGE = YES_ERROR;
				CLANG_WARN_DOCUMENTATION_COMMENTS = YES;
				CLANG_WARN_EMPTY_BODY = YES;
				CLANG_WARN_ENUM_CONVERSION = YES;
				CLANG_WARN_INFINITE_RECURSION = YES;
				CLANG_WARN_INT_CONVERSION = YES;
				CLANG_WARN_NON_LITERAL_NULL_CONVERSION = YES;
				CLANG_WARN_OBJC_IMPLICIT_RETAIN_SELF = YES;
				CLANG_WARN_OBJC_LITERAL_CONVERSION = YES;
				CLANG_WARN_OBJC_ROOT_CLASS = YES_ERROR;
				CLANG_WARN_QUOTED_INCLUDE_IN_FRAMEWORK_HEADER = YES;
				CLANG_WARN_RANGE_LOOP_ANALYSIS = YES;
				CLANG_WARN_STRICT_PROTOTYPES = YES;
				CLANG_WARN_SUSPICIOUS_MOVE = YES;
				CLANG_WARN_UNGUARDED_AVAILABILITY = YES_AGGRESSIVE;
				CLANG_WARN_UNREACHABLE_CODE = YES;
				CLANG_WARN__DUPLICATE_METHOD_MATCH = YES;
				COPY_PHASE_STRIP = NO;
				DEBUG_INFORMATION_FORMAT = "dwarf-with-dsym";
				ENABLE_NS_ASSERTIONS = NO;
				ENABLE_STRICT_OBJC_MSGSEND = YES;
				GCC_C_LANGUAGE_STANDARD = gnu11;
				GCC_NO_COMMON_BLOCKS = YES;
				GCC_WARN_64_TO_32_BIT_CONVERSION = YES;
				GCC_WARN_ABOUT_RETURN_TYPE = YES_ERROR;
				GCC_WARN_UNDECLARED_SELECTOR = YES;
				GCC_WARN_UNINITIALIZED_AUTOS = YES_AGGRESSIVE;
				GCC_WARN_UNUSED_FUNCTION = YES;
				GCC_WARN_UNUSED_VARIABLE = YES;
				IPHONEOS_DEPLOYMENT_TARGET = 14.0;
				MTL_ENABLE_DEBUG_INFO = NO;
				MTL_FAST_MATH = YES;
				SDKROOT = iphoneos;
				SWIFT_COMPILATION_MODE = wholemodule;
				SWIFT_OPTIMIZATION_LEVEL = "-O";
				VALIDATE_PRODUCT = YES;
			};
			name = Release;
		};
		7CDF0F632537DB1300C3200D /* Debug */ = {
			isa = XCBuildConfiguration;
			buildSettings = {
				ASSETCATALOG_COMPILER_APPICON_NAME = AppIcon;
				ASSETCATALOG_COMPILER_GLOBAL_ACCENT_COLOR_NAME = AccentColor;
				CODE_SIGN_STYLE = Automatic;
				DEVELOPMENT_TEAM = HP22MNWU5C;
				INFOPLIST_FILE = ECNetworkingExample/Info.plist;
				LD_RUNPATH_SEARCH_PATHS = (
					"$(inherited)",
					"@executable_path/Frameworks",
				);
				PRODUCT_BUNDLE_IDENTIFIER = com.evancooper.ECNetworkingExample;
				PRODUCT_NAME = "$(TARGET_NAME)";
				SWIFT_VERSION = 5.0;
				TARGETED_DEVICE_FAMILY = "1,2";
			};
			name = Debug;
		};
		7CDF0F642537DB1300C3200D /* Release */ = {
			isa = XCBuildConfiguration;
			buildSettings = {
				ASSETCATALOG_COMPILER_APPICON_NAME = AppIcon;
				ASSETCATALOG_COMPILER_GLOBAL_ACCENT_COLOR_NAME = AccentColor;
				CODE_SIGN_STYLE = Automatic;
				DEVELOPMENT_TEAM = HP22MNWU5C;
				INFOPLIST_FILE = ECNetworkingExample/Info.plist;
				LD_RUNPATH_SEARCH_PATHS = (
					"$(inherited)",
					"@executable_path/Frameworks",
				);
				PRODUCT_BUNDLE_IDENTIFIER = com.evancooper.ECNetworkingExample;
				PRODUCT_NAME = "$(TARGET_NAME)";
				SWIFT_VERSION = 5.0;
				TARGETED_DEVICE_FAMILY = "1,2";
			};
			name = Release;
		};
		7CDF0F662537DB1300C3200D /* Debug */ = {
			isa = XCBuildConfiguration;
			buildSettings = {
				ALWAYS_EMBED_SWIFT_STANDARD_LIBRARIES = YES;
				BUNDLE_LOADER = "$(TEST_HOST)";
				CODE_SIGN_STYLE = Automatic;
				DEVELOPMENT_TEAM = HP22MNWU5C;
				INFOPLIST_FILE = ECNetworkingExampleTests/Info.plist;
				IPHONEOS_DEPLOYMENT_TARGET = 14.0;
				LD_RUNPATH_SEARCH_PATHS = (
					"$(inherited)",
					"@executable_path/Frameworks",
					"@loader_path/Frameworks",
				);
				PRODUCT_BUNDLE_IDENTIFIER = com.evancooper.ECNetworkingExampleTests;
				PRODUCT_NAME = "$(TARGET_NAME)";
				SWIFT_VERSION = 5.0;
				TARGETED_DEVICE_FAMILY = "1,2";
				TEST_HOST = "$(BUILT_PRODUCTS_DIR)/ECNetworkingExample.app/ECNetworkingExample";
			};
			name = Debug;
		};
		7CDF0F672537DB1300C3200D /* Release */ = {
			isa = XCBuildConfiguration;
			buildSettings = {
				ALWAYS_EMBED_SWIFT_STANDARD_LIBRARIES = YES;
				BUNDLE_LOADER = "$(TEST_HOST)";
				CODE_SIGN_STYLE = Automatic;
				DEVELOPMENT_TEAM = HP22MNWU5C;
				INFOPLIST_FILE = ECNetworkingExampleTests/Info.plist;
				IPHONEOS_DEPLOYMENT_TARGET = 14.0;
				LD_RUNPATH_SEARCH_PATHS = (
					"$(inherited)",
					"@executable_path/Frameworks",
					"@loader_path/Frameworks",
				);
				PRODUCT_BUNDLE_IDENTIFIER = com.evancooper.ECNetworkingExampleTests;
				PRODUCT_NAME = "$(TARGET_NAME)";
				SWIFT_VERSION = 5.0;
				TARGETED_DEVICE_FAMILY = "1,2";
				TEST_HOST = "$(BUILT_PRODUCTS_DIR)/ECNetworkingExample.app/ECNetworkingExample";
			};
			name = Release;
		};
		7CDF0F692537DB1300C3200D /* Debug */ = {
			isa = XCBuildConfiguration;
			buildSettings = {
				ALWAYS_EMBED_SWIFT_STANDARD_LIBRARIES = YES;
				CODE_SIGN_STYLE = Automatic;
				DEVELOPMENT_TEAM = HP22MNWU5C;
				INFOPLIST_FILE = ECNetworkingExampleUITests/Info.plist;
				LD_RUNPATH_SEARCH_PATHS = (
					"$(inherited)",
					"@executable_path/Frameworks",
					"@loader_path/Frameworks",
				);
				PRODUCT_BUNDLE_IDENTIFIER = com.evancooper.ECNetworkingExampleUITests;
				PRODUCT_NAME = "$(TARGET_NAME)";
				SWIFT_VERSION = 5.0;
				TARGETED_DEVICE_FAMILY = "1,2";
				TEST_TARGET_NAME = ECNetworkingExample;
			};
			name = Debug;
		};
		7CDF0F6A2537DB1300C3200D /* Release */ = {
			isa = XCBuildConfiguration;
			buildSettings = {
				ALWAYS_EMBED_SWIFT_STANDARD_LIBRARIES = YES;
				CODE_SIGN_STYLE = Automatic;
				DEVELOPMENT_TEAM = HP22MNWU5C;
				INFOPLIST_FILE = ECNetworkingExampleUITests/Info.plist;
				LD_RUNPATH_SEARCH_PATHS = (
					"$(inherited)",
					"@executable_path/Frameworks",
					"@loader_path/Frameworks",
				);
				PRODUCT_BUNDLE_IDENTIFIER = com.evancooper.ECNetworkingExampleUITests;
				PRODUCT_NAME = "$(TARGET_NAME)";
				SWIFT_VERSION = 5.0;
				TARGETED_DEVICE_FAMILY = "1,2";
				TEST_TARGET_NAME = ECNetworkingExample;
			};
			name = Release;
		};
/* End XCBuildConfiguration section */

/* Begin XCConfigurationList section */
		7CDF0F332537DB1100C3200D /* Build configuration list for PBXProject "ECNetworkingExample" */ = {
			isa = XCConfigurationList;
			buildConfigurations = (
				7CDF0F602537DB1300C3200D /* Debug */,
				7CDF0F612537DB1300C3200D /* Release */,
			);
			defaultConfigurationIsVisible = 0;
			defaultConfigurationName = Release;
		};
		7CDF0F622537DB1300C3200D /* Build configuration list for PBXNativeTarget "ECNetworkingExample" */ = {
			isa = XCConfigurationList;
			buildConfigurations = (
				7CDF0F632537DB1300C3200D /* Debug */,
				7CDF0F642537DB1300C3200D /* Release */,
			);
			defaultConfigurationIsVisible = 0;
			defaultConfigurationName = Release;
		};
		7CDF0F652537DB1300C3200D /* Build configuration list for PBXNativeTarget "ECNetworkingExampleTests" */ = {
			isa = XCConfigurationList;
			buildConfigurations = (
				7CDF0F662537DB1300C3200D /* Debug */,
				7CDF0F672537DB1300C3200D /* Release */,
			);
			defaultConfigurationIsVisible = 0;
			defaultConfigurationName = Release;
		};
		7CDF0F682537DB1300C3200D /* Build configuration list for PBXNativeTarget "ECNetworkingExampleUITests" */ = {
			isa = XCConfigurationList;
			buildConfigurations = (
				7CDF0F692537DB1300C3200D /* Debug */,
				7CDF0F6A2537DB1300C3200D /* Release */,
			);
			defaultConfigurationIsVisible = 0;
			defaultConfigurationName = Release;
		};
/* End XCConfigurationList section */

/* Begin XCSwiftPackageProductDependency section */
		7CDF0F762537DC3300C3200D /* ECNetworking */ = {
			isa = XCSwiftPackageProductDependency;
			productName = ECNetworking;
		};
/* End XCSwiftPackageProductDependency section */
	};
	rootObject = 7CDF0F302537DB1100C3200D /* Project object */;
}
